
Microsoft Visual Studio Solution File, Format Version 12.00
# Visual Studio 15
VisualStudioVersion = 15.0.27703.1
MinimumVisualStudioVersion = 10.0.40219.1
Project("{FAE04EC0-301F-11D3-BF4B-00C04F79EFBC}") = "StaticSitePrototype", "StaticSitePrototype\StaticSitePrototype.csproj", "{3FE69B56-A93F-4906-80F7-1A3DD40C30FC}"
EndProject
Global
	GlobalSection(SolutionConfigurationPlatforms) = preSolution
		Debug|Any CPU = Debug|Any CPU
		Release|Any CPU = Release|Any CPU
	EndGlobalSection
	GlobalSection(ProjectConfigurationPlatforms) = postSolution
		{3FE69B56-A93F-4906-80F7-1A3DD40C30FC}.Debug|Any CPU.ActiveCfg = Debug|Any CPU
		{3FE69B56-A93F-4906-80F7-1A3DD40C30FC}.Debug|Any CPU.Build.0 = Debug|Any CPU
		{3FE69B56-A93F-4906-80F7-1A3DD40C30FC}.Release|Any CPU.ActiveCfg = Release|Any CPU
		{3FE69B56-A93F-4906-80F7-1A3DD40C30FC}.Release|Any CPU.Build.0 = Release|Any CPU
	EndGlobalSection
	GlobalSection(SolutionProperties) = preSolution
		HideSolutionNode = FALSE
	EndGlobalSection
	GlobalSection(ExtensibilityGlobals) = postSolution
		SolutionGuid = {448EE9B2-7CD3-4267-86E4-BA94B4692AB0}
	EndGlobalSection
EndGlobal
